{
  "originHash" : "e9a7a028f00b34c05f81e0936e1102c1aa4e8eacaf080ed3acd13cd3d6970279",
  "pins" : [
    {
      "identity" : "bigint",
      "kind" : "remoteSourceControl",
      "location" : "https://github.com/attaswift/BigInt.git",
      "state" : {
        "revision" : "114343a705df4725dfe7ab8a2a326b8883cfd79c",
        "version" : "5.5.1"
      }
    },
    {
      "identity" : "reown-swift",
      "kind" : "remoteSourceControl",
      "location" : "https://github.com/gemwalletcom/reown-swift.git",
      "state" : {
        "branch" : "f061a10",
        "revision" : "f061a10b12e3d4d76c5017250aa9f369a8e47404"
      }
    }
  ],
  "version" : 3
}
