{
  "object": {
    "pins": [
      {
        "package": "BigInt",
        "repositoryURL": "https://github.com/attaswift/BigInt.git",
        "state": {
          "branch": null,
          "revision": "793a7fac0bfc318e85994bf6900652e827aef33e",
          "version": "5.4.1"
        }
      },
      {
        "package": "GRDB",
        "repositoryURL": "https://github.com/groue/GRDB.swift.git",
        "state": {
          "branch": null,
          "revision": "2cf6c756e1e5ef6901ebae16576a7e4e4b834622",
          "version": "6.29.3"
        }
      },
      {
        "package": "GRDBQuery",
        "repositoryURL": "https://github.com/groue/GRDBQuery.git",
        "state": {
          "branch": null,
          "revision": "a6c46dd38ecf11a5c37732870dc03a384d582fba",
          "version": "0.9.0"
        }
      },
      {
        "package": "KeychainAccess",
        "repositoryURL": "https://github.com/gemwalletcom/KeychainAccess",
        "state": {
          "branch": null,
          "revision": "84e546727d66f1adc5439debad16270d0fdd04e7",
          "version": "4.2.2"
        }
      },
      {
        "package": "QRCode",
        "repositoryURL": "https://github.com/WalletConnect/QRCode",
        "state": {
          "branch": null,
          "revision": "263f280d2c8144adfb0b6676109846cfc8dd552b",
          "version": "14.3.1"
        }
      },
      {
        "package": "reown",
        "repositoryURL": "https://github.com/reown-com/reown-swift",
        "state": {
          "branch": null,
          "revision": "64c4a24e0897cf0a12a2f04a2f660ac1689df91c",
          "version": "1.0.0"
        }
      },
      {
        "package": "Starscream",
        "repositoryURL": "https://github.com/daltoniam/Starscream.git",
        "state": {
          "branch": null,
          "revision": "a063fda2b8145a231953c20e7a646be254365396",
          "version": "3.1.2"
        }
      },
      {
        "package": "swift-qrcode-generator",
        "repositoryURL": "https://github.com/dagronf/swift-qrcode-generator",
        "state": {
          "branch": null,
          "revision": "5ca09b6a2ad190f94aa3d6ddef45b187f8c0343b",
          "version": "1.0.3"
        }
      },
      {
        "package": "SwiftImageReadWrite",
        "repositoryURL": "https://github.com/dagronf/SwiftImageReadWrite",
        "state": {
          "branch": null,
          "revision": "5596407d1cf61b953b8e658fa8636a471df3c509",
          "version": "1.1.6"
        }
      },
      {
        "package": "CoinbaseWalletSDK",
        "repositoryURL": "https://github.com/WalletConnect/wallet-mobile-sdk",
        "state": {
          "branch": null,
          "revision": "b6dfb7d6b8447c7c5b238a10443a1ac28223f38f",
          "version": "1.0.0"
        }
      }
    ]
  },
  "version": 1
}
