{
  "originHash": "4c1a6230543d77fa61ec3f4b6f86c99d336145564dd7dd53dcea02e0ba4c5a8f",
  "pins": [
    {
      "identity": "bigint",
      "kind": "remoteSourceControl",
      "location": "https://github.com/attaswift/BigInt.git",
      "state": {
        "revision": "e07e00fa1fd435143a2dcf8b7eec9a7710b2fdfe",
        "version": "5.7.0"
      }
    },
    {
      "identity": "grdb.swift",
      "kind": "remoteSourceControl",
      "location": "https://github.com/groue/GRDB.swift.git",
      "state": {
        "revision": "8ba1bc9a96afc731a000fd4136dd13a5a46297bd",
        "version": "7.6.1"
      }
    },
    {
      "identity": "grdbquery",
      "kind": "remoteSourceControl",
      "location": "https://github.com/groue/GRDBQuery.git",
      "state": {
        "revision": "540dc48e86af2972b4f1815616aa1ed8ac97845a",
        "version": "0.11.0"
      }
    },
    {
      "identity": "reown-swift",
      "kind": "remoteSourceControl",
      "location": "https://github.com/gemwalletcom/reown-swift.git",
      "state": {
        "revision": "e902bbb0de2208777c8e9c09591f4bdd39fc13ae"
      }
    },
    {
      "identity": "starscream",
      "kind": "remoteSourceControl",
      "location": "https://github.com/daltoniam/Starscream.git",
      "state": {
        "revision": "a063fda2b8145a231953c20e7a646be254365396",
        "version": "3.1.2"
      }
    }
  ],
  "version": 3
}
