{
  "originHash" : "0ac1a354b1bf582f5ce0abf2110a0086ce61102c33a5f49b8ceffe739dbaf3f1",
  "pins" : [
    {
      "identity" : "bigint",
      "kind" : "remoteSourceControl",
      "location" : "https://github.com/gemwalletcom/BigInt.git",
      "state" : {
        "revision" : "e07e00fa1fd435143a2dcf8b7eec9a7710b2fdfe",
        "version" : "5.7.0"
      }
    }
  ],
  "version" : 3
}
