{
  "originHash" : "6acb452ab1187571ae4ff347d6409d985e79ac755e6f9ec9f1118d132008be8c",
  "pins" : [
    {
      "identity" : "bigint",
      "kind" : "remoteSourceControl",
      "location" : "https://github.com/gemwalletcom/BigInt.git",
      "state" : {
        "revision" : "e07e00fa1fd435143a2dcf8b7eec9a7710b2fdfe",
        "version" : "5.7.0"
      }
    },
    {
      "identity" : "grdb.swift",
      "kind" : "remoteSourceControl",
      "location" : "https://github.com/gemwalletcom/GRDB.swift.git",
      "state" : {
        "revision" : "aa0079aeb82a4bf00324561a40bffe68c6fe1c26",
        "version" : "7.9.0"
      }
    },
    {
      "identity" : "grdbquery",
      "kind" : "remoteSourceControl",
      "location" : "https://github.com/gemwalletcom/GRDBQuery.git",
      "state" : {
        "revision" : "540dc48e86af2972b4f1815616aa1ed8ac97845a",
        "version" : "0.11.0"
      }
    }
  ],
  "version" : 3
}
