{
  "originHash" : "3e94d97bcc3b04511ae8bc3df184cb5e0034f5dfd1ccbb9183820189aa6f0ba6",
  "pins" : [
    {
      "identity" : "bigint",
      "kind" : "remoteSourceControl",
      "location" : "https://github.com/gemwalletcom/BigInt.git",
      "state" : {
        "revision" : "e07e00fa1fd435143a2dcf8b7eec9a7710b2fdfe",
        "version" : "5.7.0"
      }
    },
    {
      "identity" : "grdb.swift",
      "kind" : "remoteSourceControl",
      "location" : "https://github.com/gemwalletcom/GRDB.swift.git",
      "state" : {
        "revision" : "aa0079aeb82a4bf00324561a40bffe68c6fe1c26",
        "version" : "7.9.0"
      }
    },
    {
      "identity" : "grdbquery",
      "kind" : "remoteSourceControl",
      "location" : "https://github.com/gemwalletcom/GRDBQuery.git",
      "state" : {
        "revision" : "540dc48e86af2972b4f1815616aa1ed8ac97845a",
        "version" : "0.11.0"
      }
    },
    {
      "identity" : "reown-swift",
      "kind" : "remoteSourceControl",
      "location" : "https://github.com/gemwalletcom/reown-swift.git",
      "state" : {
        "revision" : "e902bbb0de2208777c8e9c09591f4bdd39fc13ae"
      }
    },
    {
      "identity" : "starscream",
      "kind" : "remoteSourceControl",
      "location" : "https://github.com/gemwalletcom/Starscream.git",
      "state" : {
        "revision" : "a063fda2b8145a231953c20e7a646be254365396",
        "version" : "3.1.2"
      }
    }
  ],
  "version" : 3
}
