{
  "originHash" : "4d2bf83ff51810b1b96edb92f1e5aad7fe6c54606c0987bdc03b3029dc9fae3b",
  "pins" : [
    {
      "identity" : "bigint",
      "kind" : "remoteSourceControl",
      "location" : "https://github.com/attaswift/BigInt.git",
      "state" : {
        "revision" : "114343a705df4725dfe7ab8a2a326b8883cfd79c",
        "version" : "5.5.1"
      }
    }
  ],
  "version" : 3
}
