{
  "originHash" : "4bdec8b2130c23c4c6afb7258d2bc9c75e091cf41aa892c99aa11e6196417900",
  "pins" : [
    {
      "identity" : "bigint",
      "kind" : "remoteSourceControl",
      "location" : "https://github.com/attaswift/BigInt.git",
      "state" : {
        "revision" : "e07e00fa1fd435143a2dcf8b7eec9a7710b2fdfe",
        "version" : "5.7.0"
      }
    },
    {
      "identity" : "grdb.swift",
      "kind" : "remoteSourceControl",
      "location" : "https://github.com/groue/GRDB.swift.git",
      "state" : {
        "revision" : "8ba1bc9a96afc731a000fd4136dd13a5a46297bd",
        "version" : "7.6.1"
      }
    },
    {
      "identity" : "grdbquery",
      "kind" : "remoteSourceControl",
      "location" : "https://github.com/groue/GRDBQuery.git",
      "state" : {
        "revision" : "540dc48e86af2972b4f1815616aa1ed8ac97845a",
        "version" : "0.11.0"
      }
    },
    {
      "identity" : "reown-swift",
      "kind" : "remoteSourceControl",
      "location" : "https://github.com/gemwalletcom/reown-swift.git",
      "state" : {
        "branch" : "f061a10",
        "revision" : "f061a10b12e3d4d76c5017250aa9f369a8e47404"
      }
    },
    {
      "identity" : "starscream",
      "kind" : "remoteSourceControl",
      "location" : "https://github.com/daltoniam/Starscream.git",
      "state" : {
        "revision" : "a063fda2b8145a231953c20e7a646be254365396",
        "version" : "3.1.2"
      }
    }
  ],
  "version" : 3
}
